// !$*UTF8*$!
{
	archiveVersion = 1;
	classes = {
	};
	objectVersion = 55;
	objects = {

/* Begin PBXBuildFile section */
		68EB189526FD81AC00A47CFD /* Tests_iOS.swift in Sources */ = {isa = PBXBuildFile; fileRef = 68EB189426FD81AC00A47CFD /* Tests_iOS.swift */; };
		68EB189726FD81AC00A47CFD /* Tests_iOSLaunchTests.swift in Sources */ = {isa = PBXBuildFile; fileRef = 68EB189626FD81AC00A47CFD /* Tests_iOSLaunchTests.swift */; };
		68EB18A126FD81AC00A47CFD /* Tests_macOS.swift in Sources */ = {isa = PBXBuildFile; fileRef = 68EB18A026FD81AC00A47CFD /* Tests_macOS.swift */; };
		68EB18A326FD81AC00A47CFD /* Tests_macOSLaunchTests.swift in Sources */ = {isa = PBXBuildFile; fileRef = 68EB18A226FD81AC00A47CFD /* Tests_macOSLaunchTests.swift */; };
		68EB18A426FD81AC00A47CFD /* CardsMemoryGameApp.swift in Sources */ = {isa = PBXBuildFile; fileRef = 68EB187E26FD81AA00A47CFD /* CardsMemoryGameApp.swift */; };
		68EB18A526FD81AC00A47CFD /* CardsMemoryGameApp.swift in Sources */ = {isa = PBXBuildFile; fileRef = 68EB187E26FD81AA00A47CFD /* CardsMemoryGameApp.swift */; };
		68EB18A626FD81AC00A47CFD /* ContentView.swift in Sources */ = {isa = PBXBuildFile; fileRef = 68EB187F26FD81AA00A47CFD /* ContentView.swift */; };
		68EB18A726FD81AC00A47CFD /* ContentView.swift in Sources */ = {isa = PBXBuildFile; fileRef = 68EB187F26FD81AA00A47CFD /* ContentView.swift */; };
		68EB18A826FD81AC00A47CFD /* Assets.xcassets in Resources */ = {isa = PBXBuildFile; fileRef = 68EB188026FD81AC00A47CFD /* Assets.xcassets */; };
		68EB18A926FD81AC00A47CFD /* Assets.xcassets in Resources */ = {isa = PBXBuildFile; fileRef = 68EB188026FD81AC00A47CFD /* Assets.xcassets */; };
/* End PBXBuildFile section */

/* Begin PBXContainerItemProxy section */
		68EB189126FD81AC00A47CFD /* PBXContainerItemProxy */ = {
			isa = PBXContainerItemProxy;
			containerPortal = 68EB187926FD81AA00A47CFD /* Project object */;
			proxyType = 1;
			remoteGlobalIDString = 68EB188426FD81AC00A47CFD;
			remoteInfo = "CardsMemoryGame (iOS)";
		};
		68EB189D26FD81AC00A47CFD /* PBXContainerItemProxy */ = {
			isa = PBXContainerItemProxy;
			containerPortal = 68EB187926FD81AA00A47CFD /* Project object */;
			proxyType = 1;
			remoteGlobalIDString = 68EB188A26FD81AC00A47CFD;
			remoteInfo = "CardsMemoryGame (macOS)";
		};
/* End PBXContainerItemProxy section */

/* Begin PBXFileReference section */
		68EB187E26FD81AA00A47CFD /* CardsMemoryGameApp.swift */ = {isa = PBXFileReference; lastKnownFileType = sourcecode.swift; path = CardsMemoryGameApp.swift; sourceTree = "<group>"; };
		68EB187F26FD81AA00A47CFD /* ContentView.swift */ = {isa = PBXFileReference; lastKnownFileType = sourcecode.swift; path = ContentView.swift; sourceTree = "<group>"; };
		68EB188026FD81AC00A47CFD /* Assets.xcassets */ = {isa = PBXFileReference; lastKnownFileType = folder.assetcatalog; path = Assets.xcassets; sourceTree = "<group>"; };
		68EB188526FD81AC00A47CFD /* CardsMemoryGame.app */ = {isa = PBXFileReference; explicitFileType = wrapper.application; includeInIndex = 0; path = CardsMemoryGame.app; sourceTree = BUILT_PRODUCTS_DIR; };
		68EB188B26FD81AC00A47CFD /* CardsMemoryGame.app */ = {isa = PBXFileReference; explicitFileType = wrapper.application; includeInIndex = 0; path = CardsMemoryGame.app; sourceTree = BUILT_PRODUCTS_DIR; };
		68EB189026FD81AC00A47CFD /* Tests iOS.xctest */ = {isa = PBXFileReference; explicitFileType = wrapper.cfbundle; includeInIndex = 0; path = "Tests iOS.xctest"; sourceTree = BUILT_PRODUCTS_DIR; };
		68EB189426FD81AC00A47CFD /* Tests_iOS.swift */ = {isa = PBXFileReference; lastKnownFileType = sourcecode.swift; path = Tests_iOS.swift; sourceTree = "<group>"; };
		68EB189626FD81AC00A47CFD /* Tests_iOSLaunchTests.swift */ = {isa = PBXFileReference; lastKnownFileType = sourcecode.swift; path = Tests_iOSLaunchTests.swift; sourceTree = "<group>"; };
		68EB189C26FD81AC00A47CFD /* Tests macOS.xctest */ = {isa = PBXFileReference; explicitFileType = wrapper.cfbundle; includeInIndex = 0; path = "Tests macOS.xctest"; sourceTree = BUILT_PRODUCTS_DIR; };
		68EB18A026FD81AC00A47CFD /* Tests_macOS.swift */ = {isa = PBXFileReference; lastKnownFileType = sourcecode.swift; path = Tests_macOS.swift; sourceTree = "<group>"; };
		68EB18A226FD81AC00A47CFD /* Tests_macOSLaunchTests.swift */ = {isa = PBXFileReference; lastKnownFileType = sourcecode.swift; path = Tests_macOSLaunchTests.swift; sourceTree = "<group>"; };
/* End PBXFileReference section */

/* Begin PBXFrameworksBuildPhase section */
		68EB188226FD81AC00A47CFD /* Frameworks */ = {
			isa = PBXFrameworksBuildPhase;
			buildActionMask = 2147483647;
			files = (
			);
			runOnlyForDeploymentPostprocessing = 0;
		};
		68EB188826FD81AC00A47CFD /* Frameworks */ = {
			isa = PBXFrameworksBuildPhase;
			buildActionMask = 2147483647;
			files = (
			);
			runOnlyForDeploymentPostprocessing = 0;
		};
		68EB188D26FD81AC00A47CFD /* Frameworks */ = {
			isa = PBXFrameworksBuildPhase;
			buildActionMask = 2147483647;
			files = (
			);
			runOnlyForDeploymentPostprocessing = 0;
		};
		68EB189926FD81AC00A47CFD /* Frameworks */ = {
			isa = PBXFrameworksBuildPhase;
			buildActionMask = 2147483647;
			files = (
			);
			runOnlyForDeploymentPostprocessing = 0;
		};
/* End PBXFrameworksBuildPhase section */

/* Begin PBXGroup section */
		68EB187826FD81AA00A47CFD = {
			isa = PBXGroup;
			children = (
				68EB187D26FD81AA00A47CFD /* Shared */,
				68EB189326FD81AC00A47CFD /* Tests iOS */,
				68EB189F26FD81AC00A47CFD /* Tests macOS */,
				68EB188626FD81AC00A47CFD /* Products */,
			);
			sourceTree = "<group>";
		};
		68EB187D26FD81AA00A47CFD /* Shared */ = {
			isa = PBXGroup;
			children = (
				68EB187E26FD81AA00A47CFD /* CardsMemoryGameApp.swift */,
				68EB187F26FD81AA00A47CFD /* ContentView.swift */,
				68EB188026FD81AC00A47CFD /* Assets.xcassets */,
			);
			path = Shared;
			sourceTree = "<group>";
		};
		68EB188626FD81AC00A47CFD /* Products */ = {
			isa = PBXGroup;
			children = (
				68EB188526FD81AC00A47CFD /* CardsMemoryGame.app */,
				68EB188B26FD81AC00A47CFD /* CardsMemoryGame.app */,
				68EB189026FD81AC00A47CFD /* Tests iOS.xctest */,
				68EB189C26FD81AC00A47CFD /* Tests macOS.xctest */,
			);
			name = Products;
			sourceTree = "<group>";
		};
		68EB189326FD81AC00A47CFD /* Tests iOS */ = {
			isa = PBXGroup;
			children = (
				68EB189426FD81AC00A47CFD /* Tests_iOS.swift */,
				68EB189626FD81AC00A47CFD /* Tests_iOSLaunchTests.swift */,
			);
			path = "Tests iOS";
			sourceTree = "<group>";
		};
		68EB189F26FD81AC00A47CFD /* Tests macOS */ = {
			isa = PBXGroup;
			children = (
				68EB18A026FD81AC00A47CFD /* Tests_macOS.swift */,
				68EB18A226FD81AC00A47CFD /* Tests_macOSLaunchTests.swift */,
			);
			path = "Tests macOS";
			sourceTree = "<group>";
		};
/* End PBXGroup section */

/* Begin PBXNativeTarget section */
		68EB188426FD81AC00A47CFD /* CardsMemoryGame (iOS) */ = {
			isa = PBXNativeTarget;
			buildConfigurationList = 68EB18AC26FD81AC00A47CFD /* Build configuration list for PBXNativeTarget "CardsMemoryGame (iOS)" */;
			buildPhases = (
				68EB188126FD81AC00A47CFD /* Sources */,
				68EB188226FD81AC00A47CFD /* Frameworks */,
				68EB188326FD81AC00A47CFD /* Resources */,
			);
			buildRules = (
			);
			dependencies = (
			);
			name = "CardsMemoryGame (iOS)";
			productName = "CardsMemoryGame (iOS)";
			productReference = 68EB188526FD81AC00A47CFD /* CardsMemoryGame.app */;
			productType = "com.apple.product-type.application";
		};
		68EB188A26FD81AC00A47CFD /* CardsMemoryGame (macOS) */ = {
			isa = PBXNativeTarget;
			buildConfigurationList = 68EB18AF26FD81AC00A47CFD /* Build configuration list for PBXNativeTarget "CardsMemoryGame (macOS)" */;
			buildPhases = (
				68EB188726FD81AC00A47CFD /* Sources */,
				68EB188826FD81AC00A47CFD /* Frameworks */,
				68EB188926FD81AC00A47CFD /* Resources */,
			);
			buildRules = (
			);
			dependencies = (
			);
			name = "CardsMemoryGame (macOS)";
			productName = "CardsMemoryGame (macOS)";
			productReference = 68EB188B26FD81AC00A47CFD /* CardsMemoryGame.app */;
			productType = "com.apple.product-type.application";
		};
		68EB188F26FD81AC00A47CFD /* Tests iOS */ = {
			isa = PBXNativeTarget;
			buildConfigurationList = 68EB18B226FD81AC00A47CFD /* Build configuration list for PBXNativeTarget "Tests iOS" */;
			buildPhases = (
				68EB188C26FD81AC00A47CFD /* Sources */,
				68EB188D26FD81AC00A47CFD /* Frameworks */,
				68EB188E26FD81AC00A47CFD /* Resources */,
			);
			buildRules = (
			);
			dependencies = (
				68EB189226FD81AC00A47CFD /* PBXTargetDependency */,
			);
			name = "Tests iOS";
			productName = "Tests iOS";
			productReference = 68EB189026FD81AC00A47CFD /* Tests iOS.xctest */;
			productType = "com.apple.product-type.bundle.ui-testing";
		};
		68EB189B26FD81AC00A47CFD /* Tests macOS */ = {
			isa = PBXNativeTarget;
			buildConfigurationList = 68EB18B526FD81AC00A47CFD /* Build configuration list for PBXNativeTarget "Tests macOS" */;
			buildPhases = (
				68EB189826FD81AC00A47CFD /* Sources */,
				68EB189926FD81AC00A47CFD /* Frameworks */,
				68EB189A26FD81AC00A47CFD /* Resources */,
			);
			buildRules = (
			);
			dependencies = (
				68EB189E26FD81AC00A47CFD /* PBXTargetDependency */,
			);
			name = "Tests macOS";
			productName = "Tests macOS";
			productReference = 68EB189C26FD81AC00A47CFD /* Tests macOS.xctest */;
			productType = "com.apple.product-type.bundle.ui-testing";
		};
/* End PBXNativeTarget section */

/* Begin PBXProject section */
		68EB187926FD81AA00A47CFD /* Project object */ = {
			isa = PBXProject;
			attributes = {
				BuildIndependentTargetsInParallel = 1;
				LastSwiftUpdateCheck = 1300;
				LastUpgradeCheck = 1300;
				TargetAttributes = {
					68EB188426FD81AC00A47CFD = {
						CreatedOnToolsVersion = 13.0;
					};
					68EB188A26FD81AC00A47CFD = {
						CreatedOnToolsVersion = 13.0;
					};
					68EB188F26FD81AC00A47CFD = {
						CreatedOnToolsVersion = 13.0;
						TestTargetID = 68EB188426FD81AC00A47CFD;
					};
					68EB189B26FD81AC00A47CFD = {
						CreatedOnToolsVersion = 13.0;
						TestTargetID = 68EB188A26FD81AC00A47CFD;
					};
				};
			};
			buildConfigurationList = 68EB187C26FD81AA00A47CFD /* Build configuration list for PBXProject "CardsMemoryGame" */;
			compatibilityVersion = "Xcode 13.0";
			developmentRegion = en;
			hasScannedForEncodings = 0;
			knownRegions = (
				en,
				Base,
			);
			mainGroup = 68EB187826FD81AA00A47CFD;
			productRefGroup = 68EB188626FD81AC00A47CFD /* Products */;
			projectDirPath = "";
			projectRoot = "";
			targets = (
				68EB188426FD81AC00A47CFD /* CardsMemoryGame (iOS) */,
				68EB188A26FD81AC00A47CFD /* CardsMemoryGame (macOS) */,
				68EB188F26FD81AC00A47CFD /* Tests iOS */,
				68EB189B26FD81AC00A47CFD /* Tests macOS */,
			);
		};
/* End PBXProject section */

/* Begin PBXResourcesBuildPhase section */
		68EB188326FD81AC00A47CFD /* Resources */ = {
			isa = PBXResourcesBuildPhase;
			buildActionMask = 2147483647;
			files = (
				68EB18A826FD81AC00A47CFD /* Assets.xcassets in Resources */,
			);
			runOnlyForDeploymentPostprocessing = 0;
		};
		68EB188926FD81AC00A47CFD /* Resources */ = {
			isa = PBXResourcesBuildPhase;
			buildActionMask = 2147483647;
			files = (
				68EB18A926FD81AC00A47CFD /* Assets.xcassets in Resources */,
			);
			runOnlyForDeploymentPostprocessing = 0;
		};
		68EB188E26FD81AC00A47CFD /* Resources */ = {
			isa = PBXResourcesBuildPhase;
			buildActionMask = 2147483647;
			files = (
			);
			runOnlyForDeploymentPostprocessing = 0;
		};
		68EB189A26FD81AC00A47CFD /* Resources */ = {
			isa = PBXResourcesBuildPhase;
			buildActionMask = 2147483647;
			files = (
			);
			runOnlyForDeploymentPostprocessing = 0;
		};
/* End PBXResourcesBuildPhase section */

/* Begin PBXSourcesBuildPhase section */
		68EB188126FD81AC00A47CFD /* Sources */ = {
			isa = PBXSourcesBuildPhase;
			buildActionMask = 2147483647;
			files = (
				68EB18A626FD81AC00A47CFD /* ContentView.swift in Sources */,
				68EB18A426FD81AC00A47CFD /* CardsMemoryGameApp.swift in Sources */,
			);
			runOnlyForDeploymentPostprocessing = 0;
		};
		68EB188726FD81AC00A47CFD /* Sources */ = {
			isa = PBXSourcesBuildPhase;
			buildActionMask = 2147483647;
			files = (
				68EB18A726FD81AC00A47CFD /* ContentView.swift in Sources */,
				68EB18A526FD81AC00A47CFD /* CardsMemoryGameApp.swift in Sources */,
			);
			runOnlyForDeploymentPostprocessing = 0;
		};
		68EB188C26FD81AC00A47CFD /* Sources */ = {
			isa = PBXSourcesBuildPhase;
			buildActionMask = 2147483647;
			files = (
				68EB189726FD81AC00A47CFD /* Tests_iOSLaunchTests.swift in Sources */,
				68EB189526FD81AC00A47CFD /* Tests_iOS.swift in Sources */,
			);
			runOnlyForDeploymentPostprocessing = 0;
		};
		68EB189826FD81AC00A47CFD /* Sources */ = {
			isa = PBXSourcesBuildPhase;
			buildActionMask = 2147483647;
			files = (
				68EB18A326FD81AC00A47CFD /* Tests_macOSLaunchTests.swift in Sources */,
				68EB18A126FD81AC00A47CFD /* Tests_macOS.swift in Sources */,
			);
			runOnlyForDeploymentPostprocessing = 0;
		};
/* End PBXSourcesBuildPhase section */

/* Begin PBXTargetDependency section */
		68EB189226FD81AC00A47CFD /* PBXTargetDependency */ = {
			isa = PBXTargetDependency;
			target = 68EB188426FD81AC00A47CFD /* CardsMemoryGame (iOS) */;
			targetProxy = 68EB189126FD81AC00A47CFD /* PBXContainerItemProxy */;
		};
		68EB189E26FD81AC00A47CFD /* PBXTargetDependency */ = {
			isa = PBXTargetDependency;
			target = 68EB188A26FD81AC00A47CFD /* CardsMemoryGame (macOS) */;
			targetProxy = 68EB189D26FD81AC00A47CFD /* PBXContainerItemProxy */;
		};
/* End PBXTargetDependency section */

/* Begin XCBuildConfiguration section */
		68EB18AA26FD81AC00A47CFD /* Debug */ = {
			isa = XCBuildConfiguration;
			buildSettings = {
				ALWAYS_SEARCH_USER_PATHS = NO;
				CLANG_ANALYZER_NONNULL = YES;
				CLANG_ANALYZER_NUMBER_OBJECT_CONVERSION = YES_AGGRESSIVE;
				CLANG_CXX_LANGUAGE_STANDARD = "gnu++17";
				CLANG_CXX_LIBRARY = "libc++";
				CLANG_ENABLE_MODULES = YES;
				CLANG_ENABLE_OBJC_ARC = YES;
				CLANG_ENABLE_OBJC_WEAK = YES;
				CLANG_WARN_BLOCK_CAPTURE_AUTORELEASING = YES;
				CLANG_WARN_BOOL_CONVERSION = YES;
				CLANG_WARN_COMMA = YES;
				CLANG_WARN_CONSTANT_CONVERSION = YES;
				CLANG_WARN_DEPRECATED_OBJC_IMPLEMENTATIONS = YES;
				CLANG_WARN_DIRECT_OBJC_ISA_USAGE = YES_ERROR;
				CLANG_WARN_DOCUMENTATION_COMMENTS = YES;
				CLANG_WARN_EMPTY_BODY = YES;
				CLANG_WARN_ENUM_CONVERSION = YES;
				CLANG_WARN_INFINITE_RECURSION = YES;
				CLANG_WARN_INT_CONVERSION = YES;
				CLANG_WARN_NON_LITERAL_NULL_CONVERSION = YES;
				CLANG_WARN_OBJC_IMPLICIT_RETAIN_SELF = YES;
				CLANG_WARN_OBJC_LITERAL_CONVERSION = YES;
				CLANG_WARN_OBJC_ROOT_CLASS = YES_ERROR;
				CLANG_WARN_QUOTED_INCLUDE_IN_FRAMEWORK_HEADER = YES;
				CLANG_WARN_RANGE_LOOP_ANALYSIS = YES;
				CLANG_WARN_STRICT_PROTOTYPES = YES;
				CLANG_WARN_SUSPICIOUS_MOVE = YES;
				CLANG_WARN_UNGUARDED_AVAILABILITY = YES_AGGRESSIVE;
				CLANG_WARN_UNREACHABLE_CODE = YES;
				CLANG_WARN__DUPLICATE_METHOD_MATCH = YES;
				COPY_PHASE_STRIP = NO;
				DEBUG_INFORMATION_FORMAT = dwarf;
				ENABLE_STRICT_OBJC_MSGSEND = YES;
				ENABLE_TESTABILITY = YES;
				GCC_C_LANGUAGE_STANDARD = gnu11;
				GCC_DYNAMIC_NO_PIC = NO;
				GCC_NO_COMMON_BLOCKS = YES;
				GCC_OPTIMIZATION_LEVEL = 0;
				GCC_PREPROCESSOR_DEFINITIONS = (
					"DEBUG=1",
					"$(inherited)",
				);
				GCC_WARN_64_TO_32_BIT_CONVERSION = YES;
				GCC_WARN_ABOUT_RETURN_TYPE = YES_ERROR;
				GCC_WARN_UNDECLARED_SELECTOR = YES;
				GCC_WARN_UNINITIALIZED_AUTOS = YES_AGGRESSIVE;
				GCC_WARN_UNUSED_FUNCTION = YES;
				GCC_WARN_UNUSED_VARIABLE = YES;
				MTL_ENABLE_DEBUG_INFO = INCLUDE_SOURCE;
				MTL_FAST_MATH = YES;
				ONLY_ACTIVE_ARCH = YES;
				SWIFT_ACTIVE_COMPILATION_CONDITIONS = DEBUG;
				SWIFT_OPTIMIZATION_LEVEL = "-Onone";
			};
			name = Debug;
		};
		68EB18AB26FD81AC00A47CFD /* Release */ = {
			isa = XCBuildConfiguration;
			buildSettings = {
				ALWAYS_SEARCH_USER_PATHS = NO;
				CLANG_ANALYZER_NONNULL = YES;
				CLANG_ANALYZER_NUMBER_OBJECT_CONVERSION = YES_AGGRESSIVE;
				CLANG_CXX_LANGUAGE_STANDARD = "gnu++17";
				CLANG_CXX_LIBRARY = "libc++";
				CLANG_ENABLE_MODULES = YES;
				CLANG_ENABLE_OBJC_ARC = YES;
				CLANG_ENABLE_OBJC_WEAK = YES;
				CLANG_WARN_BLOCK_CAPTURE_AUTORELEASING = YES;
				CLANG_WARN_BOOL_CONVERSION = YES;
				CLANG_WARN_COMMA = YES;
				CLANG_WARN_CONSTANT_CONVERSION = YES;
				CLANG_WARN_DEPRECATED_OBJC_IMPLEMENTATIONS = YES;
				CLANG_WARN_DIRECT_OBJC_ISA_USAGE = YES_ERROR;
				CLANG_WARN_DOCUMENTATION_COMMENTS = YES;
				CLANG_WARN_EMPTY_BODY = YES;
				CLANG_WARN_ENUM_CONVERSION = YES;
				CLANG_WARN_INFINITE_RECURSION = YES;
				CLANG_WARN_INT_CONVERSION = YES;
				CLANG_WARN_NON_LITERAL_NULL_CONVERSION = YES;
				CLANG_WARN_OBJC_IMPLICIT_RETAIN_SELF = YES;
				CLANG_WARN_OBJC_LITERAL_CONVERSION = YES;
				CLANG_WARN_OBJC_ROOT_CLASS = YES_ERROR;
				CLANG_WARN_QUOTED_INCLUDE_IN_FRAMEWORK_HEADER = YES;
				CLANG_WARN_RANGE_LOOP_ANALYSIS = YES;
				CLANG_WARN_STRICT_PROTOTYPES = YES;
				CLANG_WARN_SUSPICIOUS_MOVE = YES;
				CLANG_WARN_UNGUARDED_AVAILABILITY = YES_AGGRESSIVE;
				CLANG_WARN_UNREACHABLE_CODE = YES;
				CLANG_WARN__DUPLICATE_METHOD_MATCH = YES;
				COPY_PHASE_STRIP = NO;
				DEBUG_INFORMATION_FORMAT = "dwarf-with-dsym";
				ENABLE_NS_ASSERTIONS = NO;
				ENABLE_STRICT_OBJC_MSGSEND = YES;
				GCC_C_LANGUAGE_STANDARD = gnu11;
				GCC_NO_COMMON_BLOCKS = YES;
				GCC_WARN_64_TO_32_BIT_CONVERSION = YES;
				GCC_WARN_ABOUT_RETURN_TYPE = YES_ERROR;
				GCC_WARN_UNDECLARED_SELECTOR = YES;
				GCC_WARN_UNINITIALIZED_AUTOS = YES_AGGRESSIVE;
				GCC_WARN_UNUSED_FUNCTION = YES;
				GCC_WARN_UNUSED_VARIABLE = YES;
				MTL_ENABLE_DEBUG_INFO = NO;
				MTL_FAST_MATH = YES;
				SWIFT_COMPILATION_MODE = wholemodule;
				SWIFT_OPTIMIZATION_LEVEL = "-O";
			};
			name = Release;
		};
		68EB18AD26FD81AC00A47CFD /* Debug */ = {
			isa = XCBuildConfiguration;
			buildSettings = {
				ASSETCATALOG_COMPILER_APPICON_NAME = AppIcon;
				ASSETCATALOG_COMPILER_GLOBAL_ACCENT_COLOR_NAME = AccentColor;
				CODE_SIGN_STYLE = Automatic;
				CURRENT_PROJECT_VERSION = 1;
				ENABLE_PREVIEWS = YES;
				GENERATE_INFOPLIST_FILE = YES;
				INFOPLIST_KEY_UIApplicationSceneManifest_Generation = YES;
				INFOPLIST_KEY_UIApplicationSupportsIndirectInputEvents = YES;
				INFOPLIST_KEY_UILaunchScreen_Generation = YES;
				INFOPLIST_KEY_UISupportedInterfaceOrientations_iPad = "UIInterfaceOrientationPortrait UIInterfaceOrientationPortraitUpsideDown UIInterfaceOrientationLandscapeLeft UIInterfaceOrientationLandscapeRight";
				INFOPLIST_KEY_UISupportedInterfaceOrientations_iPhone = "UIInterfaceOrientationPortrait UIInterfaceOrientationLandscapeLeft UIInterfaceOrientationLandscapeRight";
				IPHONEOS_DEPLOYMENT_TARGET = 14.0;
				LD_RUNPATH_SEARCH_PATHS = (
					"$(inherited)",
					"@executable_path/Frameworks",
				);
				MARKETING_VERSION = 1.0;
				PRODUCT_BUNDLE_IDENTIFIER = DatHarKum.CardsMemoryGame;
				PRODUCT_NAME = CardsMemoryGame;
				SDKROOT = iphoneos;
				SWIFT_EMIT_LOC_STRINGS = YES;
				SWIFT_VERSION = 5.0;
				TARGETED_DEVICE_FAMILY = "1,2";
			};
			name = Debug;
		};
		68EB18AE26FD81AC00A47CFD /* Release */ = {
			isa = XCBuildConfiguration;
			buildSettings = {
				ASSETCATALOG_COMPILER_APPICON_NAME = AppIcon;
				ASSETCATALOG_COMPILER_GLOBAL_ACCENT_COLOR_NAME = AccentColor;
				CODE_SIGN_STYLE = Automatic;
				CURRENT_PROJECT_VERSION = 1;
				ENABLE_PREVIEWS = YES;
				GENERATE_INFOPLIST_FILE = YES;
				INFOPLIST_KEY_UIApplicationSceneManifest_Generation = YES;
				INFOPLIST_KEY_UIApplicationSupportsIndirectInputEvents = YES;
				INFOPLIST_KEY_UILaunchScreen_Generation = YES;
				INFOPLIST_KEY_UISupportedInterfaceOrientations_iPad = "UIInterfaceOrientationPortrait UIInterfaceOrientationPortraitUpsideDown UIInterfaceOrientationLandscapeLeft UIInterfaceOrientationLandscapeRight";
				INFOPLIST_KEY_UISupportedInterfaceOrientations_iPhone = "UIInterfaceOrientationPortrait UIInterfaceOrientationLandscapeLeft UIInterfaceOrientationLandscapeRight";
				IPHONEOS_DEPLOYMENT_TARGET = 14.0;
				LD_RUNPATH_SEARCH_PATHS = (
					"$(inherited)",
					"@executable_path/Frameworks",
				);
				MARKETING_VERSION = 1.0;
				PRODUCT_BUNDLE_IDENTIFIER = DatHarKum.CardsMemoryGame;
				PRODUCT_NAME = CardsMemoryGame;
				SDKROOT = iphoneos;
				SWIFT_EMIT_LOC_STRINGS = YES;
				SWIFT_VERSION = 5.0;
				TARGETED_DEVICE_FAMILY = "1,2";
				VALIDATE_PRODUCT = YES;
			};
			name = Release;
		};
		68EB18B026FD81AC00A47CFD /* Debug */ = {
			isa = XCBuildConfiguration;
			buildSettings = {
				ASSETCATALOG_COMPILER_APPICON_NAME = AppIcon;
				ASSETCATALOG_COMPILER_GLOBAL_ACCENT_COLOR_NAME = AccentColor;
				CODE_SIGN_STYLE = Automatic;
				COMBINE_HIDPI_IMAGES = YES;
				CURRENT_PROJECT_VERSION = 1;
				ENABLE_APP_SANDBOX = YES;
				ENABLE_PREVIEWS = YES;
				ENABLE_USER_SELECTED_FILES = readonly;
				GENERATE_INFOPLIST_FILE = YES;
				INFOPLIST_KEY_NSHumanReadableCopyright = "";
				LD_RUNPATH_SEARCH_PATHS = (
					"$(inherited)",
					"@executable_path/../Frameworks",
				);
				MACOSX_DEPLOYMENT_TARGET = 11.0;
				MARKETING_VERSION = 1.0;
				PRODUCT_BUNDLE_IDENTIFIER = DatHarKum.CardsMemoryGame;
				PRODUCT_NAME = CardsMemoryGame;
				SDKROOT = macosx;
				SWIFT_EMIT_LOC_STRINGS = YES;
				SWIFT_VERSION = 5.0;
			};
			name = Debug;
		};
		68EB18B126FD81AC00A47CFD /* Release */ = {
			isa = XCBuildConfiguration;
			buildSettings = {
				ASSETCATALOG_COMPILER_APPICON_NAME = AppIcon;
				ASSETCATALOG_COMPILER_GLOBAL_ACCENT_COLOR_NAME = AccentColor;
				CODE_SIGN_STYLE = Automatic;
				COMBINE_HIDPI_IMAGES = YES;
				CURRENT_PROJECT_VERSION = 1;
				ENABLE_APP_SANDBOX = YES;
				ENABLE_PREVIEWS = YES;
				ENABLE_USER_SELECTED_FILES = readonly;
				GENERATE_INFOPLIST_FILE = YES;
				INFOPLIST_KEY_NSHumanReadableCopyright = "";
				LD_RUNPATH_SEARCH_PATHS = (
					"$(inherited)",
					"@executable_path/../Frameworks",
				);
				MACOSX_DEPLOYMENT_TARGET = 11.0;
				MARKETING_VERSION = 1.0;
				PRODUCT_BUNDLE_IDENTIFIER = DatHarKum.CardsMemoryGame;
				PRODUCT_NAME = CardsMemoryGame;
				SDKROOT = macosx;
				SWIFT_EMIT_LOC_STRINGS = YES;
				SWIFT_VERSION = 5.0;
			};
			name = Release;
		};
		68EB18B326FD81AC00A47CFD /* Debug */ = {
			isa = XCBuildConfiguration;
			buildSettings = {
				ALWAYS_EMBED_SWIFT_STANDARD_LIBRARIES = YES;
				CODE_SIGN_STYLE = Automatic;
				CURRENT_PROJECT_VERSION = 1;
				GENERATE_INFOPLIST_FILE = YES;
				IPHONEOS_DEPLOYMENT_TARGET = 15.0;
				LD_RUNPATH_SEARCH_PATHS = (
					"$(inherited)",
					"@executable_path/Frameworks",
					"@loader_path/Frameworks",
				);
				MARKETING_VERSION = 1.0;
				PRODUCT_BUNDLE_IDENTIFIER = "DatHarKum.Tests-iOS";
				PRODUCT_NAME = "$(TARGET_NAME)";
				SDKROOT = iphoneos;
				SWIFT_EMIT_LOC_STRINGS = NO;
				SWIFT_VERSION = 5.0;
				TARGETED_DEVICE_FAMILY = "1,2";
				TEST_TARGET_NAME = "CardsMemoryGame (iOS)";
			};
			name = Debug;
		};
		68EB18B426FD81AC00A47CFD /* Release */ = {
			isa = XCBuildConfiguration;
			buildSettings = {
				ALWAYS_EMBED_SWIFT_STANDARD_LIBRARIES = YES;
				CODE_SIGN_STYLE = Automatic;
				CURRENT_PROJECT_VERSION = 1;
				GENERATE_INFOPLIST_FILE = YES;
				IPHONEOS_DEPLOYMENT_TARGET = 15.0;
				LD_RUNPATH_SEARCH_PATHS = (
					"$(inherited)",
					"@executable_path/Frameworks",
					"@loader_path/Frameworks",
				);
				MARKETING_VERSION = 1.0;
				PRODUCT_BUNDLE_IDENTIFIER = "DatHarKum.Tests-iOS";
				PRODUCT_NAME = "$(TARGET_NAME)";
				SDKROOT = iphoneos;
				SWIFT_EMIT_LOC_STRINGS = NO;
				SWIFT_VERSION = 5.0;
				TARGETED_DEVICE_FAMILY = "1,2";
				TEST_TARGET_NAME = "CardsMemoryGame (iOS)";
				VALIDATE_PRODUCT = YES;
			};
			name = Release;
		};
		68EB18B626FD81AC00A47CFD /* Debug */ = {
			isa = XCBuildConfiguration;
			buildSettings = {
				ALWAYS_EMBED_SWIFT_STANDARD_LIBRARIES = YES;
				CODE_SIGN_STYLE = Automatic;
				COMBINE_HIDPI_IMAGES = YES;
				CURRENT_PROJECT_VERSION = 1;
				GENERATE_INFOPLIST_FILE = YES;
				LD_RUNPATH_SEARCH_PATHS = (
					"$(inherited)",
					"@executable_path/../Frameworks",
					"@loader_path/../Frameworks",
				);
				MACOSX_DEPLOYMENT_TARGET = 11.5;
				MARKETING_VERSION = 1.0;
				PRODUCT_BUNDLE_IDENTIFIER = "DatHarKum.Tests-macOS";
				PRODUCT_NAME = "$(TARGET_NAME)";
				SDKROOT = macosx;
				SWIFT_EMIT_LOC_STRINGS = NO;
				SWIFT_VERSION = 5.0;
				TEST_TARGET_NAME = "CardsMemoryGame (macOS)";
			};
			name = Debug;
		};
		68EB18B726FD81AC00A47CFD /* Release */ = {
			isa = XCBuildConfiguration;
			buildSettings = {
				ALWAYS_EMBED_SWIFT_STANDARD_LIBRARIES = YES;
				CODE_SIGN_STYLE = Automatic;
				COMBINE_HIDPI_IMAGES = YES;
				CURRENT_PROJECT_VERSION = 1;
				GENERATE_INFOPLIST_FILE = YES;
				LD_RUNPATH_SEARCH_PATHS = (
					"$(inherited)",
					"@executable_path/../Frameworks",
					"@loader_path/../Frameworks",
				);
				MACOSX_DEPLOYMENT_TARGET = 11.5;
				MARKETING_VERSION = 1.0;
				PRODUCT_BUNDLE_IDENTIFIER = "DatHarKum.Tests-macOS";
				PRODUCT_NAME = "$(TARGET_NAME)";
				SDKROOT = macosx;
				SWIFT_EMIT_LOC_STRINGS = NO;
				SWIFT_VERSION = 5.0;
				TEST_TARGET_NAME = "CardsMemoryGame (macOS)";
			};
			name = Release;
		};
/* End XCBuildConfiguration section */

/* Begin XCConfigurationList section */
		68EB187C26FD81AA00A47CFD /* Build configuration list for PBXProject "CardsMemoryGame" */ = {
			isa = XCConfigurationList;
			buildConfigurations = (
				68EB18AA26FD81AC00A47CFD /* Debug */,
				68EB18AB26FD81AC00A47CFD /* Release */,
			);
			defaultConfigurationIsVisible = 0;
			defaultConfigurationName = Release;
		};
		68EB18AC26FD81AC00A47CFD /* Build configuration list for PBXNativeTarget "CardsMemoryGame (iOS)" */ = {
			isa = XCConfigurationList;
			buildConfigurations = (
				68EB18AD26FD81AC00A47CFD /* Debug */,
				68EB18AE26FD81AC00A47CFD /* Release */,
			);
			defaultConfigurationIsVisible = 0;
			defaultConfigurationName = Release;
		};
		68EB18AF26FD81AC00A47CFD /* Build configuration list for PBXNativeTarget "CardsMemoryGame (macOS)" */ = {
			isa = XCConfigurationList;
			buildConfigurations = (
				68EB18B026FD81AC00A47CFD /* Debug */,
				68EB18B126FD81AC00A47CFD /* Release */,
			);
			defaultConfigurationIsVisible = 0;
			defaultConfigurationName = Release;
		};
		68EB18B226FD81AC00A47CFD /* Build configuration list for PBXNativeTarget "Tests iOS" */ = {
			isa = XCConfigurationList;
			buildConfigurations = (
				68EB18B326FD81AC00A47CFD /* Debug */,
				68EB18B426FD81AC00A47CFD /* Release */,
			);
			defaultConfigurationIsVisible = 0;
			defaultConfigurationName = Release;
		};
		68EB18B526FD81AC00A47CFD /* Build configuration list for PBXNativeTarget "Tests macOS" */ = {
			isa = XCConfigurationList;
			buildConfigurations = (
				68EB18B626FD81AC00A47CFD /* Debug */,
				68EB18B726FD81AC00A47CFD /* Release */,
			);
			defaultConfigurationIsVisible = 0;
			defaultConfigurationName = Release;
		};
/* End XCConfigurationList section */
	};
	rootObject = 68EB187926FD81AA00A47CFD /* Project object */;
}
